// !$*UTF8*$!
{
	archiveVersion = 1;
	classes = {
	};
	objectVersion = 77;
	objects = {

/* Begin PBXContainerItemProxy section */
		AF2F02362F88AA75006125CF /* PBXContainerItemProxy */ = {
			isa = PBXContainerItemProxy;
			containerPortal = AF2F021F2F88AA73006125CF /* Project object */;
			proxyType = 1;
			remoteGlobalIDString = AF2F02262F88AA73006125CF;
			remoteInfo = "Taiwan Radio";
		};
		AF2F02402F88AA75006125CF /* PBXContainerItemProxy */ = {
			isa = PBXContainerItemProxy;
			containerPortal = AF2F021F2F88AA73006125CF /* Project object */;
			proxyType = 1;
			remoteGlobalIDString = AF2F02262F88AA73006125CF;
			remoteInfo = "Taiwan Radio";
		};
/* End PBXContainerItemProxy section */

/* Begin PBXFileReference section */
		AF2F02272F88AA73006125CF /* Taiwan Radio.app */ = {isa = PBXFileReference; explicitFileType = wrapper.application; includeInIndex = 0; path = "Taiwan Radio.app"; sourceTree = BUILT_PRODUCTS_DIR; };
		AF2F02352F88AA75006125CF /* Taiwan RadioTests.xctest */ = {isa = PBXFileReference; explicitFileType = wrapper.cfbundle; includeInIndex = 0; path = "Taiwan RadioTests.xctest"; sourceTree = BUILT_PRODUCTS_DIR; };
		AF2F023F2F88AA75006125CF /* Taiwan RadioUITests.xctest */ = {isa = PBXFileReference; explicitFileType = wrapper.cfbundle; includeInIndex = 0; path = "Taiwan RadioUITests.xctest"; sourceTree = BUILT_PRODUCTS_DIR; };
/* End PBXFileReference section */

/* Begin PBXFileSystemSynchronizedRootGroup section */
		AF2F02292F88AA73006125CF /* Taiwan Radio */ = {
			isa = PBXFileSystemSynchronizedRootGroup;
			path = "Taiwan Radio";
			sourceTree = "<group>";
		};
		AF2F02382F88AA75006125CF /* Taiwan RadioTests */ = {
			isa = PBXFileSystemSynchronizedRootGroup;
			path = "Taiwan RadioTests";
			sourceTree = "<group>";
		};
		AF2F02422F88AA75006125CF /* Taiwan RadioUITests */ = {
			isa = PBXFileSystemSynchronizedRootGroup;
			path = "Taiwan RadioUITests";
			sourceTree = "<group>";
		};
/* End PBXFileSystemSynchronizedRootGroup section */

/* Begin PBXFrameworksBuildPhase section */
		AF2F02242F88AA73006125CF /* Frameworks */ = {
			isa = PBXFrameworksBuildPhase;
			buildActionMask = 2147483647;
			files = (
			);
			runOnlyForDeploymentPostprocessing = 0;
		};
		AF2F02322F88AA75006125CF /* Frameworks */ = {
			isa = PBXFrameworksBuildPhase;
			buildActionMask = 2147483647;
			files = (
			);
			runOnlyForDeploymentPostprocessing = 0;
		};
		AF2F023C2F88AA75006125CF /* Frameworks */ = {
			isa = PBXFrameworksBuildPhase;
			buildActionMask = 2147483647;
			files = (
			);
			runOnlyForDeploymentPostprocessing = 0;
		};
/* End PBXFrameworksBuildPhase section */

/* Begin PBXGroup section */
		AF2F021E2F88AA73006125CF = {
			isa = PBXGroup;
			children = (
				AF2F02292F88AA73006125CF /* Taiwan Radio */,
				AF2F02382F88AA75006125CF /* Taiwan RadioTests */,
				AF2F02422F88AA75006125CF /* Taiwan RadioUITests */,
				AF2F02282F88AA73006125CF /* Products */,
			);
			sourceTree = "<group>";
		};
		AF2F02282F88AA73006125CF /* Products */ = {
			isa = PBXGroup;
			children = (
				AF2F02272F88AA73006125CF /* Taiwan Radio.app */,
				AF2F02352F88AA75006125CF /* Taiwan RadioTests.xctest */,
				AF2F023F2F88AA75006125CF /* Taiwan RadioUITests.xctest */,
			);
			name = Products;
			sourceTree = "<group>";
		};
/* End PBXGroup section */

/* Begin PBXNativeTarget section */
		AF2F02262F88AA73006125CF /* Taiwan Radio */ = {
			isa = PBXNativeTarget;
			buildConfigurationList = AF2F02492F88AA75006125CF /* Build configuration list for PBXNativeTarget "Taiwan Radio" */;
			buildPhases = (
				AF2F02232F88AA73006125CF /* Sources */,
				AF2F02242F88AA73006125CF /* Frameworks */,
				AF2F02252F88AA73006125CF /* Resources */,
			);
			buildRules = (
			);
			dependencies = (
			);
			fileSystemSynchronizedGroups = (
				AF2F02292F88AA73006125CF /* Taiwan Radio */,
			);
			name = "Taiwan Radio";
			packageProductDependencies = (
			);
			productName = "Taiwan Radio";
			productReference = AF2F02272F88AA73006125CF /* Taiwan Radio.app */;
			productType = "com.apple.product-type.application";
		};
		AF2F02342F88AA75006125CF /* Taiwan RadioTests */ = {
			isa = PBXNativeTarget;
			buildConfigurationList = AF2F024C2F88AA75006125CF /* Build configuration list for PBXNativeTarget "Taiwan RadioTests" */;
			buildPhases = (
				AF2F02312F88AA75006125CF /* Sources */,
				AF2F02322F88AA75006125CF /* Frameworks */,
				AF2F02332F88AA75006125CF /* Resources */,
			);
			buildRules = (
			);
			dependencies = (
				AF2F02372F88AA75006125CF /* PBXTargetDependency */,
			);
			fileSystemSynchronizedGroups = (
				AF2F02382F88AA75006125CF /* Taiwan RadioTests */,
			);
			name = "Taiwan RadioTests";
			packageProductDependencies = (
			);
			productName = "Taiwan RadioTests";
			productReference = AF2F02352F88AA75006125CF /* Taiwan RadioTests.xctest */;
			productType = "com.apple.product-type.bundle.unit-test";
		};
		AF2F023E2F88AA75006125CF /* Taiwan RadioUITests */ = {
			isa = PBXNativeTarget;
			buildConfigurationList = AF2F024F2F88AA75006125CF /* Build configuration list for PBXNativeTarget "Taiwan RadioUITests" */;
			buildPhases = (
				AF2F023B2F88AA75006125CF /* Sources */,
				AF2F023C2F88AA75006125CF /* Frameworks */,
				AF2F023D2F88AA75006125CF /* Resources */,
			);
			buildRules = (
			);
			dependencies = (
				AF2F02412F88AA75006125CF /* PBXTargetDependency */,
			);
			fileSystemSynchronizedGroups = (
				AF2F02422F88AA75006125CF /* Taiwan RadioUITests */,
			);
			name = "Taiwan RadioUITests";
			packageProductDependencies = (
			);
			productName = "Taiwan RadioUITests";
			productReference = AF2F023F2F88AA75006125CF /* Taiwan RadioUITests.xctest */;
			productType = "com.apple.product-type.bundle.ui-testing";
		};
/* End PBXNativeTarget section */

/* Begin PBXProject section */
		AF2F021F2F88AA73006125CF /* Project object */ = {
			isa = PBXProject;
			attributes = {
				BuildIndependentTargetsInParallel = 1;
				LastSwiftUpdateCheck = 1640;
				LastUpgradeCheck = 1640;
				TargetAttributes = {
					AF2F02262F88AA73006125CF = {
						CreatedOnToolsVersion = 16.4;
					};
					AF2F02342F88AA75006125CF = {
						CreatedOnToolsVersion = 16.4;
						TestTargetID = AF2F02262F88AA73006125CF;
					};
					AF2F023E2F88AA75006125CF = {
						CreatedOnToolsVersion = 16.4;
						TestTargetID = AF2F02262F88AA73006125CF;
					};
				};
			};
			buildConfigurationList = AF2F02222F88AA73006125CF /* Build configuration list for PBXProject "Taiwan Radio" */;
			developmentRegion = en;
			hasScannedForEncodings = 0;
			knownRegions = (
				en,
				Base,
			);
			mainGroup = AF2F021E2F88AA73006125CF;
			minimizedProjectReferenceProxies = 1;
			preferredProjectObjectVersion = 77;
			productRefGroup = AF2F02282F88AA73006125CF /* Products */;
			projectDirPath = "";
			projectRoot = "";
			targets = (
				AF2F02262F88AA73006125CF /* Taiwan Radio */,
				AF2F02342F88AA75006125CF /* Taiwan RadioTests */,
				AF2F023E2F88AA75006125CF /* Taiwan RadioUITests */,
			);
		};
/* End PBXProject section */

/* Begin PBXResourcesBuildPhase section */
		AF2F02252F88AA73006125CF /* Resources */ = {
			isa = PBXResourcesBuildPhase;
			buildActionMask = 2147483647;
			files = (
			);
			runOnlyForDeploymentPostprocessing = 0;
		};
		AF2F02332F88AA75006125CF /* Resources */ = {
			isa = PBXResourcesBuildPhase;
			buildActionMask = 2147483647;
			files = (
			);
			runOnlyForDeploymentPostprocessing = 0;
		};
		AF2F023D2F88AA75006125CF /* Resources */ = {
			isa = PBXResourcesBuildPhase;
			buildActionMask = 2147483647;
			files = (
			);
			runOnlyForDeploymentPostprocessing = 0;
		};
/* End PBXResourcesBuildPhase section */

/* Begin PBXSourcesBuildPhase section */
		AF2F02232F88AA73006125CF /* Sources */ = {
			isa = PBXSourcesBuildPhase;
			buildActionMask = 2147483647;
			files = (
			);
			runOnlyForDeploymentPostprocessing = 0;
		};
		AF2F02312F88AA75006125CF /* Sources */ = {
			isa = PBXSourcesBuildPhase;
			buildActionMask = 2147483647;
			files = (
			);
			runOnlyForDeploymentPostprocessing = 0;
		};
		AF2F023B2F88AA75006125CF /* Sources */ = {
			isa = PBXSourcesBuildPhase;
			buildActionMask = 2147483647;
			files = (
			);
			runOnlyForDeploymentPostprocessing = 0;
		};
/* End PBXSourcesBuildPhase section */

/* Begin PBXTargetDependency section */
		AF2F02372F88AA75006125CF /* PBXTargetDependency */ = {
			isa = PBXTargetDependency;
			target = AF2F02262F88AA73006125CF /* Taiwan Radio */;
			targetProxy = AF2F02362F88AA75006125CF /* PBXContainerItemProxy */;
		};
		AF2F02412F88AA75006125CF /* PBXTargetDependency */ = {
			isa = PBXTargetDependency;
			target = AF2F02262F88AA73006125CF /* Taiwan Radio */;
			targetProxy = AF2F02402F88AA75006125CF /* PBXContainerItemProxy */;
		};
/* End PBXTargetDependency section */

/* Begin XCBuildConfiguration section */
		AF2F02472F88AA75006125CF /* Debug */ = {
			isa = XCBuildConfiguration;
			buildSettings = {
				ALWAYS_SEARCH_USER_PATHS = NO;
				ASSETCATALOG_COMPILER_GENERATE_SWIFT_ASSET_SYMBOL_EXTENSIONS = YES;
				CLANG_ANALYZER_NONNULL = YES;
				CLANG_ANALYZER_NUMBER_OBJECT_CONVERSION = YES_AGGRESSIVE;
				CLANG_CXX_LANGUAGE_STANDARD = "gnu++20";
				CLANG_ENABLE_MODULES = YES;
				CLANG_ENABLE_OBJC_ARC = YES;
				CLANG_ENABLE_OBJC_WEAK = YES;
				CLANG_WARN_BLOCK_CAPTURE_AUTORELEASING = YES;
				CLANG_WARN_BOOL_CONVERSION = YES;
				CLANG_WARN_COMMA = YES;
				CLANG_WARN_CONSTANT_CONVERSION = YES;
				CLANG_WARN_DEPRECATED_OBJC_IMPLEMENTATIONS = YES;
				CLANG_WARN_DIRECT_OBJC_ISA_USAGE = YES_ERROR;
				CLANG_WARN_DOCUMENTATION_COMMENTS = YES;
				CLANG_WARN_EMPTY_BODY = YES;
				CLANG_WARN_ENUM_CONVERSION = YES;
				CLANG_WARN_INFINITE_RECURSION = YES;
				CLANG_WARN_INT_CONVERSION = YES;
				CLANG_WARN_NON_LITERAL_NULL_CONVERSION = YES;
				CLANG_WARN_OBJC_IMPLICIT_RETAIN_SELF = YES;
				CLANG_WARN_OBJC_LITERAL_CONVERSION = YES;
				CLANG_WARN_OBJC_ROOT_CLASS = YES_ERROR;
				CLANG_WARN_QUOTED_INCLUDE_IN_FRAMEWORK_HEADER = YES;
				CLANG_WARN_RANGE_LOOP_ANALYSIS = YES;
				CLANG_WARN_STRICT_PROTOTYPES = YES;
				CLANG_WARN_SUSPICIOUS_MOVE = YES;
				CLANG_WARN_UNGUARDED_AVAILABILITY = YES_AGGRESSIVE;
				CLANG_WARN_UNREACHABLE_CODE = YES;
				CLANG_WARN__DUPLICATE_METHOD_MATCH = YES;
				COPY_PHASE_STRIP = NO;
				DEBUG_INFORMATION_FORMAT = dwarf;
				ENABLE_STRICT_OBJC_MSGSEND = YES;
				ENABLE_TESTABILITY = YES;
				ENABLE_USER_SCRIPT_SANDBOXING = YES;
				GCC_C_LANGUAGE_STANDARD = gnu17;
				GCC_DYNAMIC_NO_PIC = NO;
				GCC_NO_COMMON_BLOCKS = YES;
				GCC_OPTIMIZATION_LEVEL = 0;
				GCC_PREPROCESSOR_DEFINITIONS = (
					"DEBUG=1",
					"$(inherited)",
				);
				GCC_WARN_64_TO_32_BIT_CONVERSION = YES;
				GCC_WARN_ABOUT_RETURN_TYPE = YES_ERROR;
				GCC_WARN_UNDECLARED_SELECTOR = YES;
				GCC_WARN_UNINITIALIZED_AUTOS = YES_AGGRESSIVE;
				GCC_WARN_UNUSED_FUNCTION = YES;
				GCC_WARN_UNUSED_VARIABLE = YES;
				LOCALIZATION_PREFERS_STRING_CATALOGS = YES;
				MACOSX_DEPLOYMENT_TARGET = 15.5;
				MTL_ENABLE_DEBUG_INFO = INCLUDE_SOURCE;
				MTL_FAST_MATH = YES;
				ONLY_ACTIVE_ARCH = YES;
				SDKROOT = macosx;
				SWIFT_ACTIVE_COMPILATION_CONDITIONS = "DEBUG $(inherited)";
				SWIFT_OPTIMIZATION_LEVEL = "-Onone";
			};
			name = Debug;
		};
		AF2F02482F88AA75006125CF /* Release */ = {
			isa = XCBuildConfiguration;
			buildSettings = {
				ALWAYS_SEARCH_USER_PATHS = NO;
				ASSETCATALOG_COMPILER_GENERATE_SWIFT_ASSET_SYMBOL_EXTENSIONS = YES;
				CLANG_ANALYZER_NONNULL = YES;
				CLANG_ANALYZER_NUMBER_OBJECT_CONVERSION = YES_AGGRESSIVE;
				CLANG_CXX_LANGUAGE_STANDARD = "gnu++20";
				CLANG_ENABLE_MODULES = YES;
				CLANG_ENABLE_OBJC_ARC = YES;
				CLANG_ENABLE_OBJC_WEAK = YES;
				CLANG_WARN_BLOCK_CAPTURE_AUTORELEASING = YES;
				CLANG_WARN_BOOL_CONVERSION = YES;
				CLANG_WARN_COMMA = YES;
				CLANG_WARN_CONSTANT_CONVERSION = YES;
				CLANG_WARN_DEPRECATED_OBJC_IMPLEMENTATIONS = YES;
				CLANG_WARN_DIRECT_OBJC_ISA_USAGE = YES_ERROR;
				CLANG_WARN_DOCUMENTATION_COMMENTS = YES;
				CLANG_WARN_EMPTY_BODY = YES;
				CLANG_WARN_ENUM_CONVERSION = YES;
				CLANG_WARN_INFINITE_RECURSION = YES;
				CLANG_WARN_INT_CONVERSION = YES;
				CLANG_WARN_NON_LITERAL_NULL_CONVERSION = YES;
				CLANG_WARN_OBJC_IMPLICIT_RETAIN_SELF = YES;
				CLANG_WARN_OBJC_LITERAL_CONVERSION = YES;
				CLANG_WARN_OBJC_ROOT_CLASS = YES_ERROR;
				CLANG_WARN_QUOTED_INCLUDE_IN_FRAMEWORK_HEADER = YES;
				CLANG_WARN_RANGE_LOOP_ANALYSIS = YES;
				CLANG_WARN_STRICT_PROTOTYPES = YES;
				CLANG_WARN_SUSPICIOUS_MOVE = YES;
				CLANG_WARN_UNGUARDED_AVAILABILITY = YES_AGGRESSIVE;
				CLANG_WARN_UNREACHABLE_CODE = YES;
				CLANG_WARN__DUPLICATE_METHOD_MATCH = YES;
				COPY_PHASE_STRIP = NO;
				DEBUG_INFORMATION_FORMAT = "dwarf-with-dsym";
				ENABLE_NS_ASSERTIONS = NO;
				ENABLE_STRICT_OBJC_MSGSEND = YES;
				ENABLE_USER_SCRIPT_SANDBOXING = YES;
				GCC_C_LANGUAGE_STANDARD = gnu17;
				GCC_NO_COMMON_BLOCKS = YES;
				GCC_WARN_64_TO_32_BIT_CONVERSION = YES;
				GCC_WARN_ABOUT_RETURN_TYPE = YES_ERROR;
				GCC_WARN_UNDECLARED_SELECTOR = YES;
				GCC_WARN_UNINITIALIZED_AUTOS = YES_AGGRESSIVE;
				GCC_WARN_UNUSED_FUNCTION = YES;
				GCC_WARN_UNUSED_VARIABLE = YES;
				LOCALIZATION_PREFERS_STRING_CATALOGS = YES;
				MACOSX_DEPLOYMENT_TARGET = 15.5;
				MTL_ENABLE_DEBUG_INFO = NO;
				MTL_FAST_MATH = YES;
				SDKROOT = macosx;
				SWIFT_COMPILATION_MODE = wholemodule;
			};
			name = Release;
		};
		AF2F024A2F88AA75006125CF /* Debug */ = {
			isa = XCBuildConfiguration;
			buildSettings = {
				ASSETCATALOG_COMPILER_APPICON_NAME = AppIcon;
				ASSETCATALOG_COMPILER_GLOBAL_ACCENT_COLOR_NAME = AccentColor;
				CODE_SIGN_ENTITLEMENTS = "Taiwan Radio/Taiwan_Radio.entitlements";
				CODE_SIGN_STYLE = Automatic;
				COMBINE_HIDPI_IMAGES = YES;
				CURRENT_PROJECT_VERSION = 3;
				ENABLE_PREVIEWS = YES;
				GENERATE_INFOPLIST_FILE = NO;
				INFOPLIST_FILE = "Taiwan Radio-Info.plist";
				LD_RUNPATH_SEARCH_PATHS = (
					"$(inherited)",
					"@executable_path/../Frameworks",
				);
				MARKETING_VERSION = 1.0;
				PRODUCT_BUNDLE_IDENTIFIER = "MarcHuang.Taiwan-Radio";
				PRODUCT_NAME = "$(TARGET_NAME)";
				REGISTER_APP_GROUPS = YES;
				SWIFT_EMIT_LOC_STRINGS = YES;
				SWIFT_VERSION = 6.0;
			};
			name = Debug;
		};
		AF2F024B2F88AA75006125CF /* Release */ = {
			isa = XCBuildConfiguration;
			buildSettings = {
				ASSETCATALOG_COMPILER_APPICON_NAME = AppIcon;
				ASSETCATALOG_COMPILER_GLOBAL_ACCENT_COLOR_NAME = AccentColor;
				CODE_SIGN_ENTITLEMENTS = "Taiwan Radio/Taiwan_Radio.entitlements";
				CODE_SIGN_STYLE = Automatic;
				COMBINE_HIDPI_IMAGES = YES;
				CURRENT_PROJECT_VERSION = 3;
				ENABLE_PREVIEWS = YES;
				GENERATE_INFOPLIST_FILE = NO;
				INFOPLIST_FILE = "Taiwan Radio-Info.plist";
				LD_RUNPATH_SEARCH_PATHS = (
					"$(inherited)",
					"@executable_path/../Frameworks",
				);
				MARKETING_VERSION = 1.0;
				PRODUCT_BUNDLE_IDENTIFIER = "MarcHuang.Taiwan-Radio";
				PRODUCT_NAME = "$(TARGET_NAME)";
				REGISTER_APP_GROUPS = YES;
				SWIFT_EMIT_LOC_STRINGS = YES;
				SWIFT_VERSION = 6.0;
			};
			name = Release;
		};
		AF2F024D2F88AA75006125CF /* Debug */ = {
			isa = XCBuildConfiguration;
			buildSettings = {
				BUNDLE_LOADER = "$(TEST_HOST)";
				CODE_SIGN_STYLE = Automatic;
				CURRENT_PROJECT_VERSION = 3;
				GENERATE_INFOPLIST_FILE = YES;
				MACOSX_DEPLOYMENT_TARGET = 15.5;
				MARKETING_VERSION = 1.0;
				PRODUCT_BUNDLE_IDENTIFIER = "MarcHuang.Taiwan-RadioTests";
				PRODUCT_NAME = "$(TARGET_NAME)";
				SWIFT_EMIT_LOC_STRINGS = NO;
				SWIFT_VERSION = 6.0;
				TEST_HOST = "$(BUILT_PRODUCTS_DIR)/Taiwan Radio.app/$(BUNDLE_EXECUTABLE_FOLDER_PATH)/Taiwan Radio";
			};
			name = Debug;
		};
		AF2F024E2F88AA75006125CF /* Release */ = {
			isa = XCBuildConfiguration;
			buildSettings = {
				BUNDLE_LOADER = "$(TEST_HOST)";
				CODE_SIGN_STYLE = Automatic;
				CURRENT_PROJECT_VERSION = 3;
				GENERATE_INFOPLIST_FILE = YES;
				MACOSX_DEPLOYMENT_TARGET = 15.5;
				MARKETING_VERSION = 1.0;
				PRODUCT_BUNDLE_IDENTIFIER = "MarcHuang.Taiwan-RadioTests";
				PRODUCT_NAME = "$(TARGET_NAME)";
				SWIFT_EMIT_LOC_STRINGS = NO;
				SWIFT_VERSION = 6.0;
				TEST_HOST = "$(BUILT_PRODUCTS_DIR)/Taiwan Radio.app/$(BUNDLE_EXECUTABLE_FOLDER_PATH)/Taiwan Radio";
			};
			name = Release;
		};
		AF2F02502F88AA75006125CF /* Debug */ = {
			isa = XCBuildConfiguration;
			buildSettings = {
				CODE_SIGN_STYLE = Automatic;
				CURRENT_PROJECT_VERSION = 3;
				GENERATE_INFOPLIST_FILE = YES;
				MARKETING_VERSION = 1.0;
				PRODUCT_BUNDLE_IDENTIFIER = "MarcHuang.Taiwan-RadioUITests";
				PRODUCT_NAME = "$(TARGET_NAME)";
				SWIFT_EMIT_LOC_STRINGS = NO;
				SWIFT_VERSION = 6.0;
				TEST_TARGET_NAME = "Taiwan Radio";
			};
			name = Debug;
		};
		AF2F02512F88AA75006125CF /* Release */ = {
			isa = XCBuildConfiguration;
			buildSettings = {
				CODE_SIGN_STYLE = Automatic;
				CURRENT_PROJECT_VERSION = 3;
				GENERATE_INFOPLIST_FILE = YES;
				MARKETING_VERSION = 1.0;
				PRODUCT_BUNDLE_IDENTIFIER = "MarcHuang.Taiwan-RadioUITests";
				PRODUCT_NAME = "$(TARGET_NAME)";
				SWIFT_EMIT_LOC_STRINGS = NO;
				SWIFT_VERSION = 6.0;
				TEST_TARGET_NAME = "Taiwan Radio";
			};
			name = Release;
		};
/* End XCBuildConfiguration section */

/* Begin XCConfigurationList section */
		AF2F02222F88AA73006125CF /* Build configuration list for PBXProject "Taiwan Radio" */ = {
			isa = XCConfigurationList;
			buildConfigurations = (
				AF2F02472F88AA75006125CF /* Debug */,
				AF2F02482F88AA75006125CF /* Release */,
			);
			defaultConfigurationIsVisible = 0;
			defaultConfigurationName = Release;
		};
		AF2F02492F88AA75006125CF /* Build configuration list for PBXNativeTarget "Taiwan Radio" */ = {
			isa = XCConfigurationList;
			buildConfigurations = (
				AF2F024A2F88AA75006125CF /* Debug */,
				AF2F024B2F88AA75006125CF /* Release */,
			);
			defaultConfigurationIsVisible = 0;
			defaultConfigurationName = Release;
		};
		AF2F024C2F88AA75006125CF /* Build configuration list for PBXNativeTarget "Taiwan RadioTests" */ = {
			isa = XCConfigurationList;
			buildConfigurations = (
				AF2F024D2F88AA75006125CF /* Debug */,
				AF2F024E2F88AA75006125CF /* Release */,
			);
			defaultConfigurationIsVisible = 0;
			defaultConfigurationName = Release;
		};
		AF2F024F2F88AA75006125CF /* Build configuration list for PBXNativeTarget "Taiwan RadioUITests" */ = {
			isa = XCConfigurationList;
			buildConfigurations = (
				AF2F02502F88AA75006125CF /* Debug */,
				AF2F02512F88AA75006125CF /* Release */,
			);
			defaultConfigurationIsVisible = 0;
			defaultConfigurationName = Release;
		};
/* End XCConfigurationList section */
	};
	rootObject = AF2F021F2F88AA73006125CF /* Project object */;
}
